// !$*UTF8*$!
{
	archiveVersion = 1;
	classes = {
	};
	objectVersion = 46;
	objects = {

/* Begin PBXBuildFile section */
		6ABA51694A93B4D60535F21B /* Pods_On_the_Spot.framework in Frameworks */ = {isa = PBXBuildFile; fileRef = 115DF8E8C9D4CBCE038B5DAB /* Pods_On_the_Spot.framework */; };
		CF03C44C1E972737001149DE /* AppDelegate.swift in Sources */ = {isa = PBXBuildFile; fileRef = CF03C44B1E972737001149DE /* AppDelegate.swift */; };
		CF03C44E1E972737001149DE /* PlacesViewController.swift in Sources */ = {isa = PBXBuildFile; fileRef = CF03C44D1E972737001149DE /* PlacesViewController.swift */; };
		CF03C4511E972737001149DE /* Main.storyboard in Resources */ = {isa = PBXBuildFile; fileRef = CF03C44F1E972737001149DE /* Main.storyboard */; };
		CF03C4531E972737001149DE /* Assets.xcassets in Resources */ = {isa = PBXBuildFile; fileRef = CF03C4521E972737001149DE /* Assets.xcassets */; };
		CF03C4561E972737001149DE /* LaunchScreen.storyboard in Resources */ = {isa = PBXBuildFile; fileRef = CF03C4541E972737001149DE /* LaunchScreen.storyboard */; };
		CF16D4091EBFAE4A0010F9F6 /* Row.swift in Sources */ = {isa = PBXBuildFile; fileRef = CF16D4081EBFAE4A0010F9F6 /* Row.swift */; };
		CF20AAB51EBE6DB9002C5BD2 /* Model.xcdatamodeld in Sources */ = {isa = PBXBuildFile; fileRef = CF20AAB31EBE6DB9002C5BD2 /* Model.xcdatamodeld */; };
		CF20AABA1EBE7073002C5BD2 /* Place+CoreDataClass.swift in Sources */ = {isa = PBXBuildFile; fileRef = CF20AAB61EBE7073002C5BD2 /* Place+CoreDataClass.swift */; };
		CF20AABB1EBE7073002C5BD2 /* Place+CoreDataProperties.swift in Sources */ = {isa = PBXBuildFile; fileRef = CF20AAB71EBE7073002C5BD2 /* Place+CoreDataProperties.swift */; };
		CF20AABC1EBE7073002C5BD2 /* Type+CoreDataClass.swift in Sources */ = {isa = PBXBuildFile; fileRef = CF20AAB81EBE7073002C5BD2 /* Type+CoreDataClass.swift */; };
		CF20AABD1EBE7073002C5BD2 /* Type+CoreDataProperties.swift in Sources */ = {isa = PBXBuildFile; fileRef = CF20AAB91EBE7073002C5BD2 /* Type+CoreDataProperties.swift */; };
		CF20AABF1EBE71AD002C5BD2 /* CoreDataStack.swift in Sources */ = {isa = PBXBuildFile; fileRef = CF20AABE1EBE71AD002C5BD2 /* CoreDataStack.swift */; };
		CF261B701EA0424B00AB5DB5 /* GoogleAPIConstants.swift in Sources */ = {isa = PBXBuildFile; fileRef = CF261B6F1EA0424B00AB5DB5 /* GoogleAPIConstants.swift */; };
		CF261B721EA0425F00AB5DB5 /* GoogleAPIMethods.swift in Sources */ = {isa = PBXBuildFile; fileRef = CF261B711EA0425F00AB5DB5 /* GoogleAPIMethods.swift */; };
		CF261B741EA4452D00AB5DB5 /* Cell.swift in Sources */ = {isa = PBXBuildFile; fileRef = CF261B731EA4452D00AB5DB5 /* Cell.swift */; };
		CF28C0361EAEE01B0042A0E6 /* GCDBlackBox.swift in Sources */ = {isa = PBXBuildFile; fileRef = CF28C0351EAEE01A0042A0E6 /* GCDBlackBox.swift */; };
		CF5E1E861EB6C58800E6D5E9 /* SwiftyJSON.framework in Frameworks */ = {isa = PBXBuildFile; fileRef = CF5E1E851EB6C58800E6D5E9 /* SwiftyJSON.framework */; };
		CF68A92B1E9D264A004A2B66 /* Roboto-Black.ttf in Resources */ = {isa = PBXBuildFile; fileRef = CF68A9251E9D264A004A2B66 /* Roboto-Black.ttf */; };
		CF68A92C1E9D264A004A2B66 /* Roboto-Bold.ttf in Resources */ = {isa = PBXBuildFile; fileRef = CF68A9261E9D264A004A2B66 /* Roboto-Bold.ttf */; };
		CF68A92D1E9D264A004A2B66 /* Roboto-Light.ttf in Resources */ = {isa = PBXBuildFile; fileRef = CF68A9271E9D264A004A2B66 /* Roboto-Light.ttf */; };
		CF68A92E1E9D264A004A2B66 /* Roboto-Medium.ttf in Resources */ = {isa = PBXBuildFile; fileRef = CF68A9281E9D264A004A2B66 /* Roboto-Medium.ttf */; };
		CF68A92F1E9D264A004A2B66 /* Roboto-Regular.ttf in Resources */ = {isa = PBXBuildFile; fileRef = CF68A9291E9D264A004A2B66 /* Roboto-Regular.ttf */; };
		CF68A9301E9D264A004A2B66 /* Roboto-Thin.ttf in Resources */ = {isa = PBXBuildFile; fileRef = CF68A92A1E9D264A004A2B66 /* Roboto-Thin.ttf */; };
		CF9536941EB6BF8C0038FBDB /* GooglePlaces.swift in Sources */ = {isa = PBXBuildFile; fileRef = CF9536931EB6BF8C0038FBDB /* GooglePlaces.swift */; };
		CFAF7ECC1E9E942D000A3FCF /* Constants.swift in Sources */ = {isa = PBXBuildFile; fileRef = CFAF7ECB1E9E942D000A3FCF /* Constants.swift */; };
		CFB0C9371ED3C8D200672AE3 /* PlacesViewController+DataSource.swift in Sources */ = {isa = PBXBuildFile; fileRef = CFB0C9361ED3C8D200672AE3 /* PlacesViewController+DataSource.swift */; };
		CFB0C9391ED3CA3E00672AE3 /* PlaceTableViewController+DataSource.swift in Sources */ = {isa = PBXBuildFile; fileRef = CFB0C9381ED3CA3E00672AE3 /* PlaceTableViewController+DataSource.swift */; };
		CFB9FCC51ECBE50D0019C97D /* DocumentViewController+Helper.swift in Sources */ = {isa = PBXBuildFile; fileRef = CFB9FCC41ECBE50D0019C97D /* DocumentViewController+Helper.swift */; };
		CFB9FCC71ECBEA910019C97D /* PlaceMapViewController+Helper.swift in Sources */ = {isa = PBXBuildFile; fileRef = CFB9FCC61ECBEA910019C97D /* PlaceMapViewController+Helper.swift */; };
		CFB9FCC91ECBEC620019C97D /* PlacesViewController+Helper.swift in Sources */ = {isa = PBXBuildFile; fileRef = CFB9FCC81ECBEC620019C97D /* PlacesViewController+Helper.swift */; };
		CFB9FCCB1ECBED550019C97D /* PlacesViewController+CoreData.swift in Sources */ = {isa = PBXBuildFile; fileRef = CFB9FCCA1ECBED550019C97D /* PlacesViewController+CoreData.swift */; };
		CFB9FCCD1ECBEEC00019C97D /* PlaceTabBarController+Helper.swift in Sources */ = {isa = PBXBuildFile; fileRef = CFB9FCCC1ECBEEC00019C97D /* PlaceTabBarController+Helper.swift */; };
		CFB9FCCF1ECC05090019C97D /* PlaceTableViewController+Helper.swift in Sources */ = {isa = PBXBuildFile; fileRef = CFB9FCCE1ECC05090019C97D /* PlaceTableViewController+Helper.swift */; };
		CFB9FCD11ECC05F20019C97D /* SettingViewController+Helper.swift in Sources */ = {isa = PBXBuildFile; fileRef = CFB9FCD01ECC05F20019C97D /* SettingViewController+Helper.swift */; };
		CFC708C41EBAE682001CA87B /* SettingViewController.swift in Sources */ = {isa = PBXBuildFile; fileRef = CFC708C31EBAE682001CA87B /* SettingViewController.swift */; };
		CFC708C61EBAE698001CA87B /* DocumentViewController.swift in Sources */ = {isa = PBXBuildFile; fileRef = CFC708C51EBAE698001CA87B /* DocumentViewController.swift */; };
		CFD374011EC0EF22002A71C1 /* Legal.html in Resources */ = {isa = PBXBuildFile; fileRef = CFD374001EC0EF22002A71C1 /* Legal.html */; };
		CFD374031EC18E12002A71C1 /* Credit.html in Resources */ = {isa = PBXBuildFile; fileRef = CFD374021EC18E12002A71C1 /* Credit.html */; };
		CFD374051EC25ECE002A71C1 /* Help.html in Resources */ = {isa = PBXBuildFile; fileRef = CFD374041EC25ECE002A71C1 /* Help.html */; };
		CFDB74861ED3D59B001A1730 /* DocumentViewController+Delegate.swift in Sources */ = {isa = PBXBuildFile; fileRef = CFDB74851ED3D59B001A1730 /* DocumentViewController+Delegate.swift */; };
		CFDB74881ED3D6BA001A1730 /* PlaceMapViewController+Delegate.swift in Sources */ = {isa = PBXBuildFile; fileRef = CFDB74871ED3D6BA001A1730 /* PlaceMapViewController+Delegate.swift */; };
		CFF942CD1EAD7051003D9B7E /* PlaceTabBarController.swift in Sources */ = {isa = PBXBuildFile; fileRef = CFF942CC1EAD7051003D9B7E /* PlaceTabBarController.swift */; };
		CFF942CF1EAD7CDB003D9B7E /* PlaceMapViewController.swift in Sources */ = {isa = PBXBuildFile; fileRef = CFF942CE1EAD7CDB003D9B7E /* PlaceMapViewController.swift */; };
		CFF942D11EAD7CF3003D9B7E /* PlaceTableViewController.swift in Sources */ = {isa = PBXBuildFile; fileRef = CFF942D01EAD7CF3003D9B7E /* PlaceTableViewController.swift */; };
/* End PBXBuildFile section */

/* Begin PBXFileReference section */
		115DF8E8C9D4CBCE038B5DAB /* Pods_On_the_Spot.framework */ = {isa = PBXFileReference; explicitFileType = wrapper.framework; includeInIndex = 0; path = Pods_On_the_Spot.framework; sourceTree = BUILT_PRODUCTS_DIR; };
		CF03C4481E972737001149DE /* On the Spot.app */ = {isa = PBXFileReference; explicitFileType = wrapper.application; includeInIndex = 0; path = "On the Spot.app"; sourceTree = BUILT_PRODUCTS_DIR; };
		CF03C44B1E972737001149DE /* AppDelegate.swift */ = {isa = PBXFileReference; lastKnownFileType = sourcecode.swift; path = AppDelegate.swift; sourceTree = "<group>"; };
		CF03C44D1E972737001149DE /* PlacesViewController.swift */ = {isa = PBXFileReference; lastKnownFileType = sourcecode.swift; path = PlacesViewController.swift; sourceTree = "<group>"; };
		CF03C4501E972737001149DE /* Base */ = {isa = PBXFileReference; lastKnownFileType = file.storyboard; name = Base; path = Base.lproj/Main.storyboard; sourceTree = "<group>"; };
		CF03C4521E972737001149DE /* Assets.xcassets */ = {isa = PBXFileReference; lastKnownFileType = folder.assetcatalog; path = Assets.xcassets; sourceTree = "<group>"; };
		CF03C4551E972737001149DE /* Base */ = {isa = PBXFileReference; lastKnownFileType = file.storyboard; name = Base; path = Base.lproj/LaunchScreen.storyboard; sourceTree = "<group>"; };
		CF03C4571E972737001149DE /* Info.plist */ = {isa = PBXFileReference; lastKnownFileType = text.plist.xml; path = Info.plist; sourceTree = "<group>"; };
		CF16D4081EBFAE4A0010F9F6 /* Row.swift */ = {isa = PBXFileReference; fileEncoding = 4; lastKnownFileType = sourcecode.swift; path = Row.swift; sourceTree = "<group>"; };
		CF20AAB41EBE6DB9002C5BD2 /* Model.xcdatamodel */ = {isa = PBXFileReference; lastKnownFileType = wrapper.xcdatamodel; path = Model.xcdatamodel; sourceTree = "<group>"; };
		CF20AAB61EBE7073002C5BD2 /* Place+CoreDataClass.swift */ = {isa = PBXFileReference; fileEncoding = 4; lastKnownFileType = sourcecode.swift; path = "Place+CoreDataClass.swift"; sourceTree = "<group>"; };
		CF20AAB71EBE7073002C5BD2 /* Place+CoreDataProperties.swift */ = {isa = PBXFileReference; fileEncoding = 4; lastKnownFileType = sourcecode.swift; path = "Place+CoreDataProperties.swift"; sourceTree = "<group>"; };
		CF20AAB81EBE7073002C5BD2 /* Type+CoreDataClass.swift */ = {isa = PBXFileReference; fileEncoding = 4; lastKnownFileType = sourcecode.swift; path = "Type+CoreDataClass.swift"; sourceTree = "<group>"; };
		CF20AAB91EBE7073002C5BD2 /* Type+CoreDataProperties.swift */ = {isa = PBXFileReference; fileEncoding = 4; lastKnownFileType = sourcecode.swift; path = "Type+CoreDataProperties.swift"; sourceTree = "<group>"; };
		CF20AABE1EBE71AD002C5BD2 /* CoreDataStack.swift */ = {isa = PBXFileReference; fileEncoding = 4; lastKnownFileType = sourcecode.swift; path = CoreDataStack.swift; sourceTree = "<group>"; };
		CF261B6F1EA0424B00AB5DB5 /* GoogleAPIConstants.swift */ = {isa = PBXFileReference; fileEncoding = 4; lastKnownFileType = sourcecode.swift; path = GoogleAPIConstants.swift; sourceTree = "<group>"; };
		CF261B711EA0425F00AB5DB5 /* GoogleAPIMethods.swift */ = {isa = PBXFileReference; fileEncoding = 4; lastKnownFileType = sourcecode.swift; path = GoogleAPIMethods.swift; sourceTree = "<group>"; };
		CF261B731EA4452D00AB5DB5 /* Cell.swift */ = {isa = PBXFileReference; fileEncoding = 4; lastKnownFileType = sourcecode.swift; path = Cell.swift; sourceTree = "<group>"; };
		CF28C0351EAEE01A0042A0E6 /* GCDBlackBox.swift */ = {isa = PBXFileReference; fileEncoding = 4; lastKnownFileType = sourcecode.swift; path = GCDBlackBox.swift; sourceTree = "<group>"; };
		CF5E1E851EB6C58800E6D5E9 /* SwiftyJSON.framework */ = {isa = PBXFileReference; lastKnownFileType = wrapper.framework; name = SwiftyJSON.framework; path = "../../../../../../../../../Library/Developer/Xcode/DerivedData/On_the_Spot-bivlvrajkptrxsabtpfntevktacj/Build/Products/Debug-iphonesimulator/SwiftyJSON/SwiftyJSON.framework"; sourceTree = "<group>"; };
		CF68A9251E9D264A004A2B66 /* Roboto-Black.ttf */ = {isa = PBXFileReference; lastKnownFileType = file; path = "Roboto-Black.ttf"; sourceTree = "<group>"; };
		CF68A9261E9D264A004A2B66 /* Roboto-Bold.ttf */ = {isa = PBXFileReference; lastKnownFileType = file; path = "Roboto-Bold.ttf"; sourceTree = "<group>"; };
		CF68A9271E9D264A004A2B66 /* Roboto-Light.ttf */ = {isa = PBXFileReference; lastKnownFileType = file; path = "Roboto-Light.ttf"; sourceTree = "<group>"; };
		CF68A9281E9D264A004A2B66 /* Roboto-Medium.ttf */ = {isa = PBXFileReference; lastKnownFileType = file; path = "Roboto-Medium.ttf"; sourceTree = "<group>"; };
		CF68A9291E9D264A004A2B66 /* Roboto-Regular.ttf */ = {isa = PBXFileReference; lastKnownFileType = file; path = "Roboto-Regular.ttf"; sourceTree = "<group>"; };
		CF68A92A1E9D264A004A2B66 /* Roboto-Thin.ttf */ = {isa = PBXFileReference; lastKnownFileType = file; path = "Roboto-Thin.ttf"; sourceTree = "<group>"; };
		CF9536931EB6BF8C0038FBDB /* GooglePlaces.swift */ = {isa = PBXFileReference; fileEncoding = 4; lastKnownFileType = sourcecode.swift; path = GooglePlaces.swift; sourceTree = "<group>"; };
		CFAF7ECB1E9E942D000A3FCF /* Constants.swift */ = {isa = PBXFileReference; fileEncoding = 4; lastKnownFileType = sourcecode.swift; path = Constants.swift; sourceTree = "<group>"; };
		CFB0C9361ED3C8D200672AE3 /* PlacesViewController+DataSource.swift */ = {isa = PBXFileReference; fileEncoding = 4; lastKnownFileType = sourcecode.swift; path = "PlacesViewController+DataSource.swift"; sourceTree = "<group>"; };
		CFB0C9381ED3CA3E00672AE3 /* PlaceTableViewController+DataSource.swift */ = {isa = PBXFileReference; fileEncoding = 4; lastKnownFileType = sourcecode.swift; path = "PlaceTableViewController+DataSource.swift"; sourceTree = "<group>"; };
		CFB9FCC41ECBE50D0019C97D /* DocumentViewController+Helper.swift */ = {isa = PBXFileReference; fileEncoding = 4; lastKnownFileType = sourcecode.swift; path = "DocumentViewController+Helper.swift"; sourceTree = "<group>"; };
		CFB9FCC61ECBEA910019C97D /* PlaceMapViewController+Helper.swift */ = {isa = PBXFileReference; fileEncoding = 4; lastKnownFileType = sourcecode.swift; path = "PlaceMapViewController+Helper.swift"; sourceTree = "<group>"; };
		CFB9FCC81ECBEC620019C97D /* PlacesViewController+Helper.swift */ = {isa = PBXFileReference; fileEncoding = 4; lastKnownFileType = sourcecode.swift; path = "PlacesViewController+Helper.swift"; sourceTree = "<group>"; };
		CFB9FCCA1ECBED550019C97D /* PlacesViewController+CoreData.swift */ = {isa = PBXFileReference; fileEncoding = 4; lastKnownFileType = sourcecode.swift; path = "PlacesViewController+CoreData.swift"; sourceTree = "<group>"; };
		CFB9FCCC1ECBEEC00019C97D /* PlaceTabBarController+Helper.swift */ = {isa = PBXFileReference; fileEncoding = 4; lastKnownFileType = sourcecode.swift; path = "PlaceTabBarController+Helper.swift"; sourceTree = "<group>"; };
		CFB9FCCE1ECC05090019C97D /* PlaceTableViewController+Helper.swift */ = {isa = PBXFileReference; fileEncoding = 4; lastKnownFileType = sourcecode.swift; path = "PlaceTableViewController+Helper.swift"; sourceTree = "<group>"; };
		CFB9FCD01ECC05F20019C97D /* SettingViewController+Helper.swift */ = {isa = PBXFileReference; fileEncoding = 4; lastKnownFileType = sourcecode.swift; path = "SettingViewController+Helper.swift"; sourceTree = "<group>"; };
		CFC708C31EBAE682001CA87B /* SettingViewController.swift */ = {isa = PBXFileReference; fileEncoding = 4; lastKnownFileType = sourcecode.swift; path = SettingViewController.swift; sourceTree = "<group>"; };
		CFC708C51EBAE698001CA87B /* DocumentViewController.swift */ = {isa = PBXFileReference; fileEncoding = 4; lastKnownFileType = sourcecode.swift; path = DocumentViewController.swift; sourceTree = "<group>"; };
		CFD374001EC0EF22002A71C1 /* Legal.html */ = {isa = PBXFileReference; fileEncoding = 4; lastKnownFileType = text.html; path = Legal.html; sourceTree = "<group>"; };
		CFD374021EC18E12002A71C1 /* Credit.html */ = {isa = PBXFileReference; fileEncoding = 4; lastKnownFileType = text.html; path = Credit.html; sourceTree = "<group>"; };
		CFD374041EC25ECE002A71C1 /* Help.html */ = {isa = PBXFileReference; fileEncoding = 4; lastKnownFileType = text.html; path = Help.html; sourceTree = "<group>"; };
		CFDB74851ED3D59B001A1730 /* DocumentViewController+Delegate.swift */ = {isa = PBXFileReference; fileEncoding = 4; lastKnownFileType = sourcecode.swift; path = "DocumentViewController+Delegate.swift"; sourceTree = "<group>"; };
		CFDB74871ED3D6BA001A1730 /* PlaceMapViewController+Delegate.swift */ = {isa = PBXFileReference; fileEncoding = 4; lastKnownFileType = sourcecode.swift; path = "PlaceMapViewController+Delegate.swift"; sourceTree = "<group>"; };
		CFF942CC1EAD7051003D9B7E /* PlaceTabBarController.swift */ = {isa = PBXFileReference; fileEncoding = 4; lastKnownFileType = sourcecode.swift; path = PlaceTabBarController.swift; sourceTree = "<group>"; };
		CFF942CE1EAD7CDB003D9B7E /* PlaceMapViewController.swift */ = {isa = PBXFileReference; fileEncoding = 4; lastKnownFileType = sourcecode.swift; path = PlaceMapViewController.swift; sourceTree = "<group>"; };
		CFF942D01EAD7CF3003D9B7E /* PlaceTableViewController.swift */ = {isa = PBXFileReference; fileEncoding = 4; lastKnownFileType = sourcecode.swift; path = PlaceTableViewController.swift; sourceTree = "<group>"; };
		E839CA293AAA097B3890295E /* Pods-On the Spot.debug.xcconfig */ = {isa = PBXFileReference; includeInIndex = 1; lastKnownFileType = text.xcconfig; name = "Pods-On the Spot.debug.xcconfig"; path = "Pods/Target Support Files/Pods-On the Spot/Pods-On the Spot.debug.xcconfig"; sourceTree = "<group>"; };
		ECC395D61C3E235B26B4241B /* Pods-On the Spot.release.xcconfig */ = {isa = PBXFileReference; includeInIndex = 1; lastKnownFileType = text.xcconfig; name = "Pods-On the Spot.release.xcconfig"; path = "Pods/Target Support Files/Pods-On the Spot/Pods-On the Spot.release.xcconfig"; sourceTree = "<group>"; };
/* End PBXFileReference section */

/* Begin PBXFrameworksBuildPhase section */
		CF03C4451E972737001149DE /* Frameworks */ = {
			isa = PBXFrameworksBuildPhase;
			buildActionMask = 2147483647;
			files = (
				CF5E1E861EB6C58800E6D5E9 /* SwiftyJSON.framework in Frameworks */,
				6ABA51694A93B4D60535F21B /* Pods_On_the_Spot.framework in Frameworks */,
			);
			runOnlyForDeploymentPostprocessing = 0;
		};
/* End PBXFrameworksBuildPhase section */

/* Begin PBXGroup section */
		CF03C43F1E972737001149DE = {
			isa = PBXGroup;
			children = (
				CF03C44A1E972737001149DE /* On the Spot */,
				CF03C4491E972737001149DE /* Products */,
				D8B7D9BBCE92FFED45C5DA30 /* Pods */,
				D31222FCD41E79A663C83D86 /* Frameworks */,
			);
			sourceTree = "<group>";
		};
		CF03C4491E972737001149DE /* Products */ = {
			isa = PBXGroup;
			children = (
				CF03C4481E972737001149DE /* On the Spot.app */,
			);
			name = Products;
			sourceTree = "<group>";
		};
		CF03C44A1E972737001149DE /* On the Spot */ = {
			isa = PBXGroup;
			children = (
				CFA251E41EC3FE6E00DEAF47 /* Assets */,
				CFA251E31EC3FE6600DEAF47 /* MVC (Model) */,
				CFA251E21EC3FE5B00DEAF47 /* MVC (View) */,
				CFA251E11EC3FE5200DEAF47 /* MVC (Controller) */,
				CFA251E01EC3FE4300DEAF47 /* Supporting Files */,
				CF03C4571E972737001149DE /* Info.plist */,
				CF03C44B1E972737001149DE /* AppDelegate.swift */,
			);
			path = "On the Spot";
			sourceTree = "<group>";
		};
		CFA251E01EC3FE4300DEAF47 /* Supporting Files */ = {
			isa = PBXGroup;
			children = (
				CFA251E51EC3FE7F00DEAF47 /* Fonts */,
				CFA251E61EC3FEB600DEAF47 /* HTML */,
			);
			name = "Supporting Files";
			sourceTree = "<group>";
		};
		CFA251E11EC3FE5200DEAF47 /* MVC (Controller) */ = {
			isa = PBXGroup;
			children = (
				CFC708C51EBAE698001CA87B /* DocumentViewController.swift */,
				CFDB74851ED3D59B001A1730 /* DocumentViewController+Delegate.swift */,
				CFB9FCC41ECBE50D0019C97D /* DocumentViewController+Helper.swift */,
				CFF942CE1EAD7CDB003D9B7E /* PlaceMapViewController.swift */,
				CFDB74871ED3D6BA001A1730 /* PlaceMapViewController+Delegate.swift */,
				CFB9FCC61ECBEA910019C97D /* PlaceMapViewController+Helper.swift */,
				CF03C44D1E972737001149DE /* PlacesViewController.swift */,
				CFB9FCCA1ECBED550019C97D /* PlacesViewController+CoreData.swift */,
				CFB0C9361ED3C8D200672AE3 /* PlacesViewController+DataSource.swift */,
				CFB9FCC81ECBEC620019C97D /* PlacesViewController+Helper.swift */,
				CFF942CC1EAD7051003D9B7E /* PlaceTabBarController.swift */,
				CFB9FCCC1ECBEEC00019C97D /* PlaceTabBarController+Helper.swift */,
				CFF942D01EAD7CF3003D9B7E /* PlaceTableViewController.swift */,
				CFB0C9381ED3CA3E00672AE3 /* PlaceTableViewController+DataSource.swift */,
				CFB9FCCE1ECC05090019C97D /* PlaceTableViewController+Helper.swift */,
				CFC708C31EBAE682001CA87B /* SettingViewController.swift */,
				CFB9FCD01ECC05F20019C97D /* SettingViewController+Helper.swift */,
			);
			name = "MVC (Controller)";
			sourceTree = "<group>";
		};
		CFA251E21EC3FE5B00DEAF47 /* MVC (View) */ = {
			isa = PBXGroup;
			children = (
				CF261B731EA4452D00AB5DB5 /* Cell.swift */,
				CF16D4081EBFAE4A0010F9F6 /* Row.swift */,
			);
			name = "MVC (View)";
			sourceTree = "<group>";
		};
		CFA251E31EC3FE6600DEAF47 /* MVC (Model) */ = {
			isa = PBXGroup;
			children = (
				CFAF7ECB1E9E942D000A3FCF /* Constants.swift */,
				CF20AABE1EBE71AD002C5BD2 /* CoreDataStack.swift */,
				CF28C0351EAEE01A0042A0E6 /* GCDBlackBox.swift */,
				CF261B6F1EA0424B00AB5DB5 /* GoogleAPIConstants.swift */,
				CF261B711EA0425F00AB5DB5 /* GoogleAPIMethods.swift */,
				CF9536931EB6BF8C0038FBDB /* GooglePlaces.swift */,
				CF20AAB31EBE6DB9002C5BD2 /* Model.xcdatamodeld */,
				CF20AAB61EBE7073002C5BD2 /* Place+CoreDataClass.swift */,
				CF20AAB71EBE7073002C5BD2 /* Place+CoreDataProperties.swift */,
				CF20AAB81EBE7073002C5BD2 /* Type+CoreDataClass.swift */,
				CF20AAB91EBE7073002C5BD2 /* Type+CoreDataProperties.swift */,
			);
			name = "MVC (Model)";
			sourceTree = "<group>";
		};
		CFA251E41EC3FE6E00DEAF47 /* Assets */ = {
			isa = PBXGroup;
			children = (
				CF03C4521E972737001149DE /* Assets.xcassets */,
				CF03C4541E972737001149DE /* LaunchScreen.storyboard */,
				CF03C44F1E972737001149DE /* Main.storyboard */,
			);
			name = Assets;
			sourceTree = "<group>";
		};
		CFA251E51EC3FE7F00DEAF47 /* Fonts */ = {
			isa = PBXGroup;
			children = (
				CF68A9251E9D264A004A2B66 /* Roboto-Black.ttf */,
				CF68A9261E9D264A004A2B66 /* Roboto-Bold.ttf */,
				CF68A9271E9D264A004A2B66 /* Roboto-Light.ttf */,
				CF68A9281E9D264A004A2B66 /* Roboto-Medium.ttf */,
				CF68A9291E9D264A004A2B66 /* Roboto-Regular.ttf */,
				CF68A92A1E9D264A004A2B66 /* Roboto-Thin.ttf */,
			);
			name = Fonts;
			sourceTree = "<group>";
		};
		CFA251E61EC3FEB600DEAF47 /* HTML */ = {
			isa = PBXGroup;
			children = (
				CFD374021EC18E12002A71C1 /* Credit.html */,
				CFD374041EC25ECE002A71C1 /* Help.html */,
				CFD374001EC0EF22002A71C1 /* Legal.html */,
			);
			name = HTML;
			sourceTree = "<group>";
		};
		D31222FCD41E79A663C83D86 /* Frameworks */ = {
			isa = PBXGroup;
			children = (
				CF5E1E851EB6C58800E6D5E9 /* SwiftyJSON.framework */,
				115DF8E8C9D4CBCE038B5DAB /* Pods_On_the_Spot.framework */,
			);
			name = Frameworks;
			sourceTree = "<group>";
		};
		D8B7D9BBCE92FFED45C5DA30 /* Pods */ = {
			isa = PBXGroup;
			children = (
				E839CA293AAA097B3890295E /* Pods-On the Spot.debug.xcconfig */,
				ECC395D61C3E235B26B4241B /* Pods-On the Spot.release.xcconfig */,
			);
			name = Pods;
			sourceTree = "<group>";
		};
/* End PBXGroup section */

/* Begin PBXNativeTarget section */
		CF03C4471E972737001149DE /* On the Spot */ = {
			isa = PBXNativeTarget;
			buildConfigurationList = CF03C45A1E972737001149DE /* Build configuration list for PBXNativeTarget "On the Spot" */;
			buildPhases = (
				4108C86BE1D2D572D8F80E71 /* [CP] Check Pods Manifest.lock */,
				CF03C4441E972737001149DE /* Sources */,
				CF03C4451E972737001149DE /* Frameworks */,
				CF03C4461E972737001149DE /* Resources */,
				8C860FA5F9948398770B2FF3 /* [CP] Embed Pods Frameworks */,
				C839FF39FC467C77E546AEF8 /* [CP] Copy Pods Resources */,
			);
			buildRules = (
			);
			dependencies = (
			);
			name = "On the Spot";
			productName = "On the Spot";
			productReference = CF03C4481E972737001149DE /* On the Spot.app */;
			productType = "com.apple.product-type.application";
		};
/* End PBXNativeTarget section */

/* Begin PBXProject section */
		CF03C4401E972737001149DE /* Project object */ = {
			isa = PBXProject;
			attributes = {
				LastSwiftUpdateCheck = 0830;
				LastUpgradeCheck = 0830;
				ORGANIZATIONNAME = "Ramesh Parthasarathy";
				TargetAttributes = {
					CF03C4471E972737001149DE = {
						CreatedOnToolsVersion = 8.3;
						DevelopmentTeam = 2QP9NJ9GHE;
						ProvisioningStyle = Automatic;
					};
				};
			};
			buildConfigurationList = CF03C4431E972737001149DE /* Build configuration list for PBXProject "On the Spot" */;
			compatibilityVersion = "Xcode 3.2";
			developmentRegion = English;
			hasScannedForEncodings = 0;
			knownRegions = (
				en,
				Base,
			);
			mainGroup = CF03C43F1E972737001149DE;
			productRefGroup = CF03C4491E972737001149DE /* Products */;
			projectDirPath = "";
			projectRoot = "";
			targets = (
				CF03C4471E972737001149DE /* On the Spot */,
			);
		};
/* End PBXProject section */

/* Begin PBXResourcesBuildPhase section */
		CF03C4461E972737001149DE /* Resources */ = {
			isa = PBXResourcesBuildPhase;
			buildActionMask = 2147483647;
			files = (
				CFD374011EC0EF22002A71C1 /* Legal.html in Resources */,
				CF03C4561E972737001149DE /* LaunchScreen.storyboard in Resources */,
				CF03C4531E972737001149DE /* Assets.xcassets in Resources */,
				CF68A92F1E9D264A004A2B66 /* Roboto-Regular.ttf in Resources */,
				CFD374031EC18E12002A71C1 /* Credit.html in Resources */,
				CF68A92D1E9D264A004A2B66 /* Roboto-Light.ttf in Resources */,
				CF68A92E1E9D264A004A2B66 /* Roboto-Medium.ttf in Resources */,
				CF68A92C1E9D264A004A2B66 /* Roboto-Bold.ttf in Resources */,
				CF03C4511E972737001149DE /* Main.storyboard in Resources */,
				CFD374051EC25ECE002A71C1 /* Help.html in Resources */,
				CF68A92B1E9D264A004A2B66 /* Roboto-Black.ttf in Resources */,
				CF68A9301E9D264A004A2B66 /* Roboto-Thin.ttf in Resources */,
			);
			runOnlyForDeploymentPostprocessing = 0;
		};
/* End PBXResourcesBuildPhase section */

/* Begin PBXShellScriptBuildPhase section */
		4108C86BE1D2D572D8F80E71 /* [CP] Check Pods Manifest.lock */ = {
			isa = PBXShellScriptBuildPhase;
			buildActionMask = 2147483647;
			files = (
			);
			inputPaths = (
			);
			name = "[CP] Check Pods Manifest.lock";
			outputPaths = (
			);
			runOnlyForDeploymentPostprocessing = 0;
			shellPath = /bin/sh;
			shellScript = "diff \"${PODS_ROOT}/../Podfile.lock\" \"${PODS_ROOT}/Manifest.lock\" > /dev/null\nif [ $? != 0 ] ; then\n    # print error to STDERR\n    echo \"error: The sandbox is not in sync with the Podfile.lock. Run 'pod install' or update your CocoaPods installation.\" >&2\n    exit 1\nfi\n";
			showEnvVarsInLog = 0;
		};
		8C860FA5F9948398770B2FF3 /* [CP] Embed Pods Frameworks */ = {
			isa = PBXShellScriptBuildPhase;
			buildActionMask = 2147483647;
			files = (
			);
			inputPaths = (
			);
			name = "[CP] Embed Pods Frameworks";
			outputPaths = (
			);
			runOnlyForDeploymentPostprocessing = 0;
			shellPath = /bin/sh;
			shellScript = "\"${SRCROOT}/Pods/Target Support Files/Pods-On the Spot/Pods-On the Spot-frameworks.sh\"\n";
			showEnvVarsInLog = 0;
		};
		C839FF39FC467C77E546AEF8 /* [CP] Copy Pods Resources */ = {
			isa = PBXShellScriptBuildPhase;
			buildActionMask = 2147483647;
			files = (
			);
			inputPaths = (
			);
			name = "[CP] Copy Pods Resources";
			outputPaths = (
			);
			runOnlyForDeploymentPostprocessing = 0;
			shellPath = /bin/sh;
			shellScript = "\"${SRCROOT}/Pods/Target Support Files/Pods-On the Spot/Pods-On the Spot-resources.sh\"\n";
			showEnvVarsInLog = 0;
		};
/* End PBXShellScriptBuildPhase section */

/* Begin PBXSourcesBuildPhase section */
		CF03C4441E972737001149DE /* Sources */ = {
			isa = PBXSourcesBuildPhase;
			buildActionMask = 2147483647;
			files = (
				CFC708C61EBAE698001CA87B /* DocumentViewController.swift in Sources */,
				CFB9FCD11ECC05F20019C97D /* SettingViewController+Helper.swift in Sources */,
				CFB9FCC71ECBEA910019C97D /* PlaceMapViewController+Helper.swift in Sources */,
				CF03C44E1E972737001149DE /* PlacesViewController.swift in Sources */,
				CFB9FCCF1ECC05090019C97D /* PlaceTableViewController+Helper.swift in Sources */,
				CFB0C9371ED3C8D200672AE3 /* PlacesViewController+DataSource.swift in Sources */,
				CF20AABC1EBE7073002C5BD2 /* Type+CoreDataClass.swift in Sources */,
				CF20AABD1EBE7073002C5BD2 /* Type+CoreDataProperties.swift in Sources */,
				CFF942CF1EAD7CDB003D9B7E /* PlaceMapViewController.swift in Sources */,
				CF20AAB51EBE6DB9002C5BD2 /* Model.xcdatamodeld in Sources */,
				CF03C44C1E972737001149DE /* AppDelegate.swift in Sources */,
				CFB9FCCD1ECBEEC00019C97D /* PlaceTabBarController+Helper.swift in Sources */,
				CF20AABA1EBE7073002C5BD2 /* Place+CoreDataClass.swift in Sources */,
				CFB9FCC51ECBE50D0019C97D /* DocumentViewController+Helper.swift in Sources */,
				CF16D4091EBFAE4A0010F9F6 /* Row.swift in Sources */,
				CFB9FCCB1ECBED550019C97D /* PlacesViewController+CoreData.swift in Sources */,
				CFB9FCC91ECBEC620019C97D /* PlacesViewController+Helper.swift in Sources */,
				CF20AABF1EBE71AD002C5BD2 /* CoreDataStack.swift in Sources */,
				CFDB74861ED3D59B001A1730 /* DocumentViewController+Delegate.swift in Sources */,
				CF261B721EA0425F00AB5DB5 /* GoogleAPIMethods.swift in Sources */,
				CF9536941EB6BF8C0038FBDB /* GooglePlaces.swift in Sources */,
				CF28C0361EAEE01B0042A0E6 /* GCDBlackBox.swift in Sources */,
				CF20AABB1EBE7073002C5BD2 /* Place+CoreDataProperties.swift in Sources */,
				CFAF7ECC1E9E942D000A3FCF /* Constants.swift in Sources */,
				CFB0C9391ED3CA3E00672AE3 /* PlaceTableViewController+DataSource.swift in Sources */,
				CFDB74881ED3D6BA001A1730 /* PlaceMapViewController+Delegate.swift in Sources */,
				CFF942D11EAD7CF3003D9B7E /* PlaceTableViewController.swift in Sources */,
				CF261B701EA0424B00AB5DB5 /* GoogleAPIConstants.swift in Sources */,
				CF261B741EA4452D00AB5DB5 /* Cell.swift in Sources */,
				CFF942CD1EAD7051003D9B7E /* PlaceTabBarController.swift in Sources */,
				CFC708C41EBAE682001CA87B /* SettingViewController.swift in Sources */,
			);
			runOnlyForDeploymentPostprocessing = 0;
		};
/* End PBXSourcesBuildPhase section */

/* Begin PBXVariantGroup section */
		CF03C44F1E972737001149DE /* Main.storyboard */ = {
			isa = PBXVariantGroup;
			children = (
				CF03C4501E972737001149DE /* Base */,
			);
			name = Main.storyboard;
			sourceTree = "<group>";
		};
		CF03C4541E972737001149DE /* LaunchScreen.storyboard */ = {
			isa = PBXVariantGroup;
			children = (
				CF03C4551E972737001149DE /* Base */,
			);
			name = LaunchScreen.storyboard;
			sourceTree = "<group>";
		};
/* End PBXVariantGroup section */

/* Begin XCBuildConfiguration section */
		CF03C4581E972737001149DE /* Debug */ = {
			isa = XCBuildConfiguration;
			buildSettings = {
				ALWAYS_SEARCH_USER_PATHS = NO;
				CLANG_ANALYZER_NONNULL = YES;
				CLANG_ANALYZER_NUMBER_OBJECT_CONVERSION = YES_AGGRESSIVE;
				CLANG_CXX_LANGUAGE_STANDARD = "gnu++0x";
				CLANG_CXX_LIBRARY = "libc++";
				CLANG_ENABLE_MODULES = YES;
				CLANG_ENABLE_OBJC_ARC = YES;
				CLANG_WARN_BOOL_CONVERSION = YES;
				CLANG_WARN_CONSTANT_CONVERSION = YES;
				CLANG_WARN_DIRECT_OBJC_ISA_USAGE = YES_ERROR;
				CLANG_WARN_DOCUMENTATION_COMMENTS = YES;
				CLANG_WARN_EMPTY_BODY = YES;
				CLANG_WARN_ENUM_CONVERSION = YES;
				CLANG_WARN_INFINITE_RECURSION = YES;
				CLANG_WARN_INT_CONVERSION = YES;
				CLANG_WARN_OBJC_ROOT_CLASS = YES_ERROR;
				CLANG_WARN_SUSPICIOUS_MOVE = YES;
				CLANG_WARN_UNREACHABLE_CODE = YES;
				CLANG_WARN__DUPLICATE_METHOD_MATCH = YES;
				"CODE_SIGN_IDENTITY[sdk=iphoneos*]" = "iPhone Developer";
				COPY_PHASE_STRIP = NO;
				DEBUG_INFORMATION_FORMAT = dwarf;
				ENABLE_STRICT_OBJC_MSGSEND = YES;
				ENABLE_TESTABILITY = YES;
				GCC_C_LANGUAGE_STANDARD = gnu99;
				GCC_DYNAMIC_NO_PIC = NO;
				GCC_NO_COMMON_BLOCKS = YES;
				GCC_OPTIMIZATION_LEVEL = 0;
				GCC_PREPROCESSOR_DEFINITIONS = (
					"DEBUG=1",
					"$(inherited)",
				);
				GCC_WARN_64_TO_32_BIT_CONVERSION = YES;
				GCC_WARN_ABOUT_RETURN_TYPE = YES_ERROR;
				GCC_WARN_UNDECLARED_SELECTOR = YES;
				GCC_WARN_UNINITIALIZED_AUTOS = YES_AGGRESSIVE;
				GCC_WARN_UNUSED_FUNCTION = YES;
				GCC_WARN_UNUSED_VARIABLE = YES;
				IPHONEOS_DEPLOYMENT_TARGET = 10.0;
				MTL_ENABLE_DEBUG_INFO = YES;
				ONLY_ACTIVE_ARCH = YES;
				SDKROOT = iphoneos;
				SWIFT_ACTIVE_COMPILATION_CONDITIONS = DEBUG;
				SWIFT_OPTIMIZATION_LEVEL = "-Onone";
			};
			name = Debug;
		};
		CF03C4591E972737001149DE /* Release */ = {
			isa = XCBuildConfiguration;
			buildSettings = {
				ALWAYS_SEARCH_USER_PATHS = NO;
				CLANG_ANALYZER_NONNULL = YES;
				CLANG_ANALYZER_NUMBER_OBJECT_CONVERSION = YES_AGGRESSIVE;
				CLANG_CXX_LANGUAGE_STANDARD = "gnu++0x";
				CLANG_CXX_LIBRARY = "libc++";
				CLANG_ENABLE_MODULES = YES;
				CLANG_ENABLE_OBJC_ARC = YES;
				CLANG_WARN_BOOL_CONVERSION = YES;
				CLANG_WARN_CONSTANT_CONVERSION = YES;
				CLANG_WARN_DIRECT_OBJC_ISA_USAGE = YES_ERROR;
				CLANG_WARN_DOCUMENTATION_COMMENTS = YES;
				CLANG_WARN_EMPTY_BODY = YES;
				CLANG_WARN_ENUM_CONVERSION = YES;
				CLANG_WARN_INFINITE_RECURSION = YES;
				CLANG_WARN_INT_CONVERSION = YES;
				CLANG_WARN_OBJC_ROOT_CLASS = YES_ERROR;
				CLANG_WARN_SUSPICIOUS_MOVE = YES;
				CLANG_WARN_UNREACHABLE_CODE = YES;
				CLANG_WARN__DUPLICATE_METHOD_MATCH = YES;
				"CODE_SIGN_IDENTITY[sdk=iphoneos*]" = "iPhone Developer";
				COPY_PHASE_STRIP = NO;
				DEBUG_INFORMATION_FORMAT = "dwarf-with-dsym";
				ENABLE_NS_ASSERTIONS = NO;
				ENABLE_STRICT_OBJC_MSGSEND = YES;
				GCC_C_LANGUAGE_STANDARD = gnu99;
				GCC_NO_COMMON_BLOCKS = YES;
				GCC_WARN_64_TO_32_BIT_CONVERSION = YES;
				GCC_WARN_ABOUT_RETURN_TYPE = YES_ERROR;
				GCC_WARN_UNDECLARED_SELECTOR = YES;
				GCC_WARN_UNINITIALIZED_AUTOS = YES_AGGRESSIVE;
				GCC_WARN_UNUSED_FUNCTION = YES;
				GCC_WARN_UNUSED_VARIABLE = YES;
				IPHONEOS_DEPLOYMENT_TARGET = 10.0;
				MTL_ENABLE_DEBUG_INFO = NO;
				SDKROOT = iphoneos;
				SWIFT_OPTIMIZATION_LEVEL = "-Owholemodule";
				VALIDATE_PRODUCT = YES;
			};
			name = Release;
		};
		CF03C45B1E972737001149DE /* Debug */ = {
			isa = XCBuildConfiguration;
			baseConfigurationReference = E839CA293AAA097B3890295E /* Pods-On the Spot.debug.xcconfig */;
			buildSettings = {
				ASSETCATALOG_COMPILER_APPICON_NAME = AppIcon;
				DEVELOPMENT_TEAM = 2QP9NJ9GHE;
				INFOPLIST_FILE = "On the Spot/Info.plist";
				IPHONEOS_DEPLOYMENT_TARGET = 10.0;
				LD_RUNPATH_SEARCH_PATHS = "$(inherited) @executable_path/Frameworks";
				PRODUCT_BUNDLE_IDENTIFIER = "com.rameshparthasarathy.On-the-Spot";
				PRODUCT_NAME = "$(TARGET_NAME)";
				SWIFT_VERSION = 3.0;
			};
			name = Debug;
		};
		CF03C45C1E972737001149DE /* Release */ = {
			isa = XCBuildConfiguration;
			baseConfigurationReference = ECC395D61C3E235B26B4241B /* Pods-On the Spot.release.xcconfig */;
			buildSettings = {
				ASSETCATALOG_COMPILER_APPICON_NAME = AppIcon;
				DEVELOPMENT_TEAM = 2QP9NJ9GHE;
				INFOPLIST_FILE = "On the Spot/Info.plist";
				IPHONEOS_DEPLOYMENT_TARGET = 10.0;
				LD_RUNPATH_SEARCH_PATHS = "$(inherited) @executable_path/Frameworks";
				PRODUCT_BUNDLE_IDENTIFIER = "com.rameshparthasarathy.On-the-Spot";
				PRODUCT_NAME = "$(TARGET_NAME)";
				SWIFT_VERSION = 3.0;
			};
			name = Release;
		};
/* End XCBuildConfiguration section */

/* Begin XCConfigurationList section */
		CF03C4431E972737001149DE /* Build configuration list for PBXProject "On the Spot" */ = {
			isa = XCConfigurationList;
			buildConfigurations = (
				CF03C4581E972737001149DE /* Debug */,
				CF03C4591E972737001149DE /* Release */,
			);
			defaultConfigurationIsVisible = 0;
			defaultConfigurationName = Release;
		};
		CF03C45A1E972737001149DE /* Build configuration list for PBXNativeTarget "On the Spot" */ = {
			isa = XCConfigurationList;
			buildConfigurations = (
				CF03C45B1E972737001149DE /* Debug */,
				CF03C45C1E972737001149DE /* Release */,
			);
			defaultConfigurationIsVisible = 0;
			defaultConfigurationName = Release;
		};
/* End XCConfigurationList section */

/* Begin XCVersionGroup section */
		CF20AAB31EBE6DB9002C5BD2 /* Model.xcdatamodeld */ = {
			isa = XCVersionGroup;
			children = (
				CF20AAB41EBE6DB9002C5BD2 /* Model.xcdatamodel */,
			);
			currentVersion = CF20AAB41EBE6DB9002C5BD2 /* Model.xcdatamodel */;
			path = Model.xcdatamodeld;
			sourceTree = "<group>";
			versionGroupType = wrapper.xcdatamodel;
		};
/* End XCVersionGroup section */
	};
	rootObject = CF03C4401E972737001149DE /* Project object */;
}
