// !$*UTF8*$!
{
	archiveVersion = 1;
	classes = {
	};
	objectVersion = 46;
	objects = {

/* Begin PBXBuildFile section */
		CF03C44C1E972737001149DE /* AppDelegate.swift in Sources */ = {isa = PBXBuildFile; fileRef = CF03C44B1E972737001149DE /* AppDelegate.swift */; };
		CF03C44E1E972737001149DE /* PlacesViewController.swift in Sources */ = {isa = PBXBuildFile; fileRef = CF03C44D1E972737001149DE /* PlacesViewController.swift */; };
		CF03C4511E972737001149DE /* Main.storyboard in Resources */ = {isa = PBXBuildFile; fileRef = CF03C44F1E972737001149DE /* Main.storyboard */; };
		CF03C4531E972737001149DE /* Assets.xcassets in Resources */ = {isa = PBXBuildFile; fileRef = CF03C4521E972737001149DE /* Assets.xcassets */; };
		CF03C4561E972737001149DE /* LaunchScreen.storyboard in Resources */ = {isa = PBXBuildFile; fileRef = CF03C4541E972737001149DE /* LaunchScreen.storyboard */; };
		CF68A92B1E9D264A004A2B66 /* Roboto-Black.ttf in Resources */ = {isa = PBXBuildFile; fileRef = CF68A9251E9D264A004A2B66 /* Roboto-Black.ttf */; };
		CF68A92C1E9D264A004A2B66 /* Roboto-Bold.ttf in Resources */ = {isa = PBXBuildFile; fileRef = CF68A9261E9D264A004A2B66 /* Roboto-Bold.ttf */; };
		CF68A92D1E9D264A004A2B66 /* Roboto-Light.ttf in Resources */ = {isa = PBXBuildFile; fileRef = CF68A9271E9D264A004A2B66 /* Roboto-Light.ttf */; };
		CF68A92E1E9D264A004A2B66 /* Roboto-Medium.ttf in Resources */ = {isa = PBXBuildFile; fileRef = CF68A9281E9D264A004A2B66 /* Roboto-Medium.ttf */; };
		CF68A92F1E9D264A004A2B66 /* Roboto-Regular.ttf in Resources */ = {isa = PBXBuildFile; fileRef = CF68A9291E9D264A004A2B66 /* Roboto-Regular.ttf */; };
		CF68A9301E9D264A004A2B66 /* Roboto-Thin.ttf in Resources */ = {isa = PBXBuildFile; fileRef = CF68A92A1E9D264A004A2B66 /* Roboto-Thin.ttf */; };
		CFAF7ECC1E9E942D000A3FCF /* Constants.swift in Sources */ = {isa = PBXBuildFile; fileRef = CFAF7ECB1E9E942D000A3FCF /* Constants.swift */; };
/* End PBXBuildFile section */

/* Begin PBXFileReference section */
		CF03C4481E972737001149DE /* On the Spot.app */ = {isa = PBXFileReference; explicitFileType = wrapper.application; includeInIndex = 0; path = "On the Spot.app"; sourceTree = BUILT_PRODUCTS_DIR; };
		CF03C44B1E972737001149DE /* AppDelegate.swift */ = {isa = PBXFileReference; lastKnownFileType = sourcecode.swift; path = AppDelegate.swift; sourceTree = "<group>"; };
		CF03C44D1E972737001149DE /* PlacesViewController.swift */ = {isa = PBXFileReference; lastKnownFileType = sourcecode.swift; path = PlacesViewController.swift; sourceTree = "<group>"; };
		CF03C4501E972737001149DE /* Base */ = {isa = PBXFileReference; lastKnownFileType = file.storyboard; name = Base; path = Base.lproj/Main.storyboard; sourceTree = "<group>"; };
		CF03C4521E972737001149DE /* Assets.xcassets */ = {isa = PBXFileReference; lastKnownFileType = folder.assetcatalog; path = Assets.xcassets; sourceTree = "<group>"; };
		CF03C4551E972737001149DE /* Base */ = {isa = PBXFileReference; lastKnownFileType = file.storyboard; name = Base; path = Base.lproj/LaunchScreen.storyboard; sourceTree = "<group>"; };
		CF03C4571E972737001149DE /* Info.plist */ = {isa = PBXFileReference; lastKnownFileType = text.plist.xml; path = Info.plist; sourceTree = "<group>"; };
		CF68A9251E9D264A004A2B66 /* Roboto-Black.ttf */ = {isa = PBXFileReference; lastKnownFileType = file; path = "Roboto-Black.ttf"; sourceTree = "<group>"; };
		CF68A9261E9D264A004A2B66 /* Roboto-Bold.ttf */ = {isa = PBXFileReference; lastKnownFileType = file; path = "Roboto-Bold.ttf"; sourceTree = "<group>"; };
		CF68A9271E9D264A004A2B66 /* Roboto-Light.ttf */ = {isa = PBXFileReference; lastKnownFileType = file; path = "Roboto-Light.ttf"; sourceTree = "<group>"; };
		CF68A9281E9D264A004A2B66 /* Roboto-Medium.ttf */ = {isa = PBXFileReference; lastKnownFileType = file; path = "Roboto-Medium.ttf"; sourceTree = "<group>"; };
		CF68A9291E9D264A004A2B66 /* Roboto-Regular.ttf */ = {isa = PBXFileReference; lastKnownFileType = file; path = "Roboto-Regular.ttf"; sourceTree = "<group>"; };
		CF68A92A1E9D264A004A2B66 /* Roboto-Thin.ttf */ = {isa = PBXFileReference; lastKnownFileType = file; path = "Roboto-Thin.ttf"; sourceTree = "<group>"; };
		CFAF7ECB1E9E942D000A3FCF /* Constants.swift */ = {isa = PBXFileReference; fileEncoding = 4; lastKnownFileType = sourcecode.swift; path = Constants.swift; sourceTree = "<group>"; };
/* End PBXFileReference section */

/* Begin PBXFrameworksBuildPhase section */
		CF03C4451E972737001149DE /* Frameworks */ = {
			isa = PBXFrameworksBuildPhase;
			buildActionMask = 2147483647;
			files = (
			);
			runOnlyForDeploymentPostprocessing = 0;
		};
/* End PBXFrameworksBuildPhase section */

/* Begin PBXGroup section */
		CF03C43F1E972737001149DE = {
			isa = PBXGroup;
			children = (
				CF03C44A1E972737001149DE /* On the Spot */,
				CF03C4491E972737001149DE /* Products */,
			);
			sourceTree = "<group>";
		};
		CF03C4491E972737001149DE /* Products */ = {
			isa = PBXGroup;
			children = (
				CF03C4481E972737001149DE /* On the Spot.app */,
			);
			name = Products;
			sourceTree = "<group>";
		};
		CF03C44A1E972737001149DE /* On the Spot */ = {
			isa = PBXGroup;
			children = (
				CF03C4571E972737001149DE /* Info.plist */,
				CF03C44B1E972737001149DE /* AppDelegate.swift */,
				CF03C44D1E972737001149DE /* PlacesViewController.swift */,
				CF68A9251E9D264A004A2B66 /* Roboto-Black.ttf */,
				CF68A9261E9D264A004A2B66 /* Roboto-Bold.ttf */,
				CF68A9271E9D264A004A2B66 /* Roboto-Light.ttf */,
				CF68A9281E9D264A004A2B66 /* Roboto-Medium.ttf */,
				CF68A9291E9D264A004A2B66 /* Roboto-Regular.ttf */,
				CF68A92A1E9D264A004A2B66 /* Roboto-Thin.ttf */,
				CF03C4521E972737001149DE /* Assets.xcassets */,
				CF03C4541E972737001149DE /* LaunchScreen.storyboard */,
				CF03C44F1E972737001149DE /* Main.storyboard */,
				CFAF7ECB1E9E942D000A3FCF /* Constants.swift */,
			);
			path = "On the Spot";
			sourceTree = "<group>";
		};
/* End PBXGroup section */

/* Begin PBXNativeTarget section */
		CF03C4471E972737001149DE /* On the Spot */ = {
			isa = PBXNativeTarget;
			buildConfigurationList = CF03C45A1E972737001149DE /* Build configuration list for PBXNativeTarget "On the Spot" */;
			buildPhases = (
				CF03C4441E972737001149DE /* Sources */,
				CF03C4451E972737001149DE /* Frameworks */,
				CF03C4461E972737001149DE /* Resources */,
			);
			buildRules = (
			);
			dependencies = (
			);
			name = "On the Spot";
			productName = "On the Spot";
			productReference = CF03C4481E972737001149DE /* On the Spot.app */;
			productType = "com.apple.product-type.application";
		};
/* End PBXNativeTarget section */

/* Begin PBXProject section */
		CF03C4401E972737001149DE /* Project object */ = {
			isa = PBXProject;
			attributes = {
				LastSwiftUpdateCheck = 0830;
				LastUpgradeCheck = 0830;
				ORGANIZATIONNAME = "Ramesh Parthasarathy";
				TargetAttributes = {
					CF03C4471E972737001149DE = {
						CreatedOnToolsVersion = 8.3;
						DevelopmentTeam = 2QP9NJ9GHE;
						ProvisioningStyle = Automatic;
					};
				};
			};
			buildConfigurationList = CF03C4431E972737001149DE /* Build configuration list for PBXProject "On the Spot" */;
			compatibilityVersion = "Xcode 3.2";
			developmentRegion = English;
			hasScannedForEncodings = 0;
			knownRegions = (
				en,
				Base,
			);
			mainGroup = CF03C43F1E972737001149DE;
			productRefGroup = CF03C4491E972737001149DE /* Products */;
			projectDirPath = "";
			projectRoot = "";
			targets = (
				CF03C4471E972737001149DE /* On the Spot */,
			);
		};
/* End PBXProject section */

/* Begin PBXResourcesBuildPhase section */
		CF03C4461E972737001149DE /* Resources */ = {
			isa = PBXResourcesBuildPhase;
			buildActionMask = 2147483647;
			files = (
				CF03C4561E972737001149DE /* LaunchScreen.storyboard in Resources */,
				CF03C4531E972737001149DE /* Assets.xcassets in Resources */,
				CF68A92F1E9D264A004A2B66 /* Roboto-Regular.ttf in Resources */,
				CF68A92D1E9D264A004A2B66 /* Roboto-Light.ttf in Resources */,
				CF68A92E1E9D264A004A2B66 /* Roboto-Medium.ttf in Resources */,
				CF68A92C1E9D264A004A2B66 /* Roboto-Bold.ttf in Resources */,
				CF03C4511E972737001149DE /* Main.storyboard in Resources */,
				CF68A92B1E9D264A004A2B66 /* Roboto-Black.ttf in Resources */,
				CF68A9301E9D264A004A2B66 /* Roboto-Thin.ttf in Resources */,
			);
			runOnlyForDeploymentPostprocessing = 0;
		};
/* End PBXResourcesBuildPhase section */

/* Begin PBXSourcesBuildPhase section */
		CF03C4441E972737001149DE /* Sources */ = {
			isa = PBXSourcesBuildPhase;
			buildActionMask = 2147483647;
			files = (
				CF03C44E1E972737001149DE /* PlacesViewController.swift in Sources */,
				CF03C44C1E972737001149DE /* AppDelegate.swift in Sources */,
				CFAF7ECC1E9E942D000A3FCF /* Constants.swift in Sources */,
			);
			runOnlyForDeploymentPostprocessing = 0;
		};
/* End PBXSourcesBuildPhase section */

/* Begin PBXVariantGroup section */
		CF03C44F1E972737001149DE /* Main.storyboard */ = {
			isa = PBXVariantGroup;
			children = (
				CF03C4501E972737001149DE /* Base */,
			);
			name = Main.storyboard;
			sourceTree = "<group>";
		};
		CF03C4541E972737001149DE /* LaunchScreen.storyboard */ = {
			isa = PBXVariantGroup;
			children = (
				CF03C4551E972737001149DE /* Base */,
			);
			name = LaunchScreen.storyboard;
			sourceTree = "<group>";
		};
/* End PBXVariantGroup section */

/* Begin XCBuildConfiguration section */
		CF03C4581E972737001149DE /* Debug */ = {
			isa = XCBuildConfiguration;
			buildSettings = {
				ALWAYS_SEARCH_USER_PATHS = NO;
				CLANG_ANALYZER_NONNULL = YES;
				CLANG_ANALYZER_NUMBER_OBJECT_CONVERSION = YES_AGGRESSIVE;
				CLANG_CXX_LANGUAGE_STANDARD = "gnu++0x";
				CLANG_CXX_LIBRARY = "libc++";
				CLANG_ENABLE_MODULES = YES;
				CLANG_ENABLE_OBJC_ARC = YES;
				CLANG_WARN_BOOL_CONVERSION = YES;
				CLANG_WARN_CONSTANT_CONVERSION = YES;
				CLANG_WARN_DIRECT_OBJC_ISA_USAGE = YES_ERROR;
				CLANG_WARN_DOCUMENTATION_COMMENTS = YES;
				CLANG_WARN_EMPTY_BODY = YES;
				CLANG_WARN_ENUM_CONVERSION = YES;
				CLANG_WARN_INFINITE_RECURSION = YES;
				CLANG_WARN_INT_CONVERSION = YES;
				CLANG_WARN_OBJC_ROOT_CLASS = YES_ERROR;
				CLANG_WARN_SUSPICIOUS_MOVE = YES;
				CLANG_WARN_UNREACHABLE_CODE = YES;
				CLANG_WARN__DUPLICATE_METHOD_MATCH = YES;
				"CODE_SIGN_IDENTITY[sdk=iphoneos*]" = "iPhone Developer";
				COPY_PHASE_STRIP = NO;
				DEBUG_INFORMATION_FORMAT = dwarf;
				ENABLE_STRICT_OBJC_MSGSEND = YES;
				ENABLE_TESTABILITY = YES;
				GCC_C_LANGUAGE_STANDARD = gnu99;
				GCC_DYNAMIC_NO_PIC = NO;
				GCC_NO_COMMON_BLOCKS = YES;
				GCC_OPTIMIZATION_LEVEL = 0;
				GCC_PREPROCESSOR_DEFINITIONS = (
					"DEBUG=1",
					"$(inherited)",
				);
				GCC_WARN_64_TO_32_BIT_CONVERSION = YES;
				GCC_WARN_ABOUT_RETURN_TYPE = YES_ERROR;
				GCC_WARN_UNDECLARED_SELECTOR = YES;
				GCC_WARN_UNINITIALIZED_AUTOS = YES_AGGRESSIVE;
				GCC_WARN_UNUSED_FUNCTION = YES;
				GCC_WARN_UNUSED_VARIABLE = YES;
				IPHONEOS_DEPLOYMENT_TARGET = 10.0;
				MTL_ENABLE_DEBUG_INFO = YES;
				ONLY_ACTIVE_ARCH = YES;
				SDKROOT = iphoneos;
				SWIFT_ACTIVE_COMPILATION_CONDITIONS = DEBUG;
				SWIFT_OPTIMIZATION_LEVEL = "-Onone";
			};
			name = Debug;
		};
		CF03C4591E972737001149DE /* Release */ = {
			isa = XCBuildConfiguration;
			buildSettings = {
				ALWAYS_SEARCH_USER_PATHS = NO;
				CLANG_ANALYZER_NONNULL = YES;
				CLANG_ANALYZER_NUMBER_OBJECT_CONVERSION = YES_AGGRESSIVE;
				CLANG_CXX_LANGUAGE_STANDARD = "gnu++0x";
				CLANG_CXX_LIBRARY = "libc++";
				CLANG_ENABLE_MODULES = YES;
				CLANG_ENABLE_OBJC_ARC = YES;
				CLANG_WARN_BOOL_CONVERSION = YES;
				CLANG_WARN_CONSTANT_CONVERSION = YES;
				CLANG_WARN_DIRECT_OBJC_ISA_USAGE = YES_ERROR;
				CLANG_WARN_DOCUMENTATION_COMMENTS = YES;
				CLANG_WARN_EMPTY_BODY = YES;
				CLANG_WARN_ENUM_CONVERSION = YES;
				CLANG_WARN_INFINITE_RECURSION = YES;
				CLANG_WARN_INT_CONVERSION = YES;
				CLANG_WARN_OBJC_ROOT_CLASS = YES_ERROR;
				CLANG_WARN_SUSPICIOUS_MOVE = YES;
				CLANG_WARN_UNREACHABLE_CODE = YES;
				CLANG_WARN__DUPLICATE_METHOD_MATCH = YES;
				"CODE_SIGN_IDENTITY[sdk=iphoneos*]" = "iPhone Developer";
				COPY_PHASE_STRIP = NO;
				DEBUG_INFORMATION_FORMAT = "dwarf-with-dsym";
				ENABLE_NS_ASSERTIONS = NO;
				ENABLE_STRICT_OBJC_MSGSEND = YES;
				GCC_C_LANGUAGE_STANDARD = gnu99;
				GCC_NO_COMMON_BLOCKS = YES;
				GCC_WARN_64_TO_32_BIT_CONVERSION = YES;
				GCC_WARN_ABOUT_RETURN_TYPE = YES_ERROR;
				GCC_WARN_UNDECLARED_SELECTOR = YES;
				GCC_WARN_UNINITIALIZED_AUTOS = YES_AGGRESSIVE;
				GCC_WARN_UNUSED_FUNCTION = YES;
				GCC_WARN_UNUSED_VARIABLE = YES;
				IPHONEOS_DEPLOYMENT_TARGET = 10.0;
				MTL_ENABLE_DEBUG_INFO = NO;
				SDKROOT = iphoneos;
				SWIFT_OPTIMIZATION_LEVEL = "-Owholemodule";
				VALIDATE_PRODUCT = YES;
			};
			name = Release;
		};
		CF03C45B1E972737001149DE /* Debug */ = {
			isa = XCBuildConfiguration;
			buildSettings = {
				ASSETCATALOG_COMPILER_APPICON_NAME = AppIcon;
				DEVELOPMENT_TEAM = 2QP9NJ9GHE;
				INFOPLIST_FILE = "On the Spot/Info.plist";
				IPHONEOS_DEPLOYMENT_TARGET = 10.0;
				LD_RUNPATH_SEARCH_PATHS = "$(inherited) @executable_path/Frameworks";
				PRODUCT_BUNDLE_IDENTIFIER = "com.rameshparthasarathy.On-the-Spot";
				PRODUCT_NAME = "$(TARGET_NAME)";
				SWIFT_VERSION = 3.0;
			};
			name = Debug;
		};
		CF03C45C1E972737001149DE /* Release */ = {
			isa = XCBuildConfiguration;
			buildSettings = {
				ASSETCATALOG_COMPILER_APPICON_NAME = AppIcon;
				DEVELOPMENT_TEAM = 2QP9NJ9GHE;
				INFOPLIST_FILE = "On the Spot/Info.plist";
				IPHONEOS_DEPLOYMENT_TARGET = 10.0;
				LD_RUNPATH_SEARCH_PATHS = "$(inherited) @executable_path/Frameworks";
				PRODUCT_BUNDLE_IDENTIFIER = "com.rameshparthasarathy.On-the-Spot";
				PRODUCT_NAME = "$(TARGET_NAME)";
				SWIFT_VERSION = 3.0;
			};
			name = Release;
		};
/* End XCBuildConfiguration section */

/* Begin XCConfigurationList section */
		CF03C4431E972737001149DE /* Build configuration list for PBXProject "On the Spot" */ = {
			isa = XCConfigurationList;
			buildConfigurations = (
				CF03C4581E972737001149DE /* Debug */,
				CF03C4591E972737001149DE /* Release */,
			);
			defaultConfigurationIsVisible = 0;
			defaultConfigurationName = Release;
		};
		CF03C45A1E972737001149DE /* Build configuration list for PBXNativeTarget "On the Spot" */ = {
			isa = XCConfigurationList;
			buildConfigurations = (
				CF03C45B1E972737001149DE /* Debug */,
				CF03C45C1E972737001149DE /* Release */,
			);
			defaultConfigurationIsVisible = 0;
			defaultConfigurationName = Release;
		};
/* End XCConfigurationList section */
	};
	rootObject = CF03C4401E972737001149DE /* Project object */;
}
